
Microsoft Visual Studio Solution File, Format Version 12.00
# Visual Studio Version 16
VisualStudioVersion = 16.0.30717.126
MinimumVisualStudioVersion = 10.0.40219.1
Project("{FAE04EC0-301F-11D3-BF4B-00C04F79EFBC}") = "ToDoApp", "ToDoApp\ToDoApp.csproj", "{A0A81BA3-BE95-499C-A9AD-10AC6EB7D608}"
EndProject
Global
	GlobalSection(SolutionConfigurationPlatforms) = preSolution
		Debug|Any CPU = Debug|Any CPU
		Release|Any CPU = Release|Any CPU
	EndGlobalSection
	GlobalSection(ProjectConfigurationPlatforms) = postSolution
		{A0A81BA3-BE95-499C-A9AD-10AC6EB7D608}.Debug|Any CPU.ActiveCfg = Debug|Any CPU
		{A0A81BA3-BE95-499C-A9AD-10AC6EB7D608}.Debug|Any CPU.Build.0 = Debug|Any CPU
		{A0A81BA3-BE95-499C-A9AD-10AC6EB7D608}.Release|Any CPU.ActiveCfg = Release|Any CPU
		{A0A81BA3-BE95-499C-A9AD-10AC6EB7D608}.Release|Any CPU.Build.0 = Release|Any CPU
	EndGlobalSection
	GlobalSection(SolutionProperties) = preSolution
		HideSolutionNode = FALSE
	EndGlobalSection
	GlobalSection(ExtensibilityGlobals) = postSolution
		SolutionGuid = {7E68AE51-D6EB-46B1-937F-ADD315D8F4D0}
	EndGlobalSection
EndGlobal
